
Microsoft Visual Studio Solution File, Format Version 12.00
# Visual Studio Version 16
VisualStudioVersion = 16.0.29709.97
MinimumVisualStudioVersion = 10.0.40219.1
Project("{9A19103F-16F7-4668-BE54-9A1E7A4F7556}") = "ChatPlatform", "ChatPlatform\ChatPlatform.csproj", "{76163A4E-46EF-42DC-8D7A-6F64532984E1}"
EndProject
Project("{9A19103F-16F7-4668-BE54-9A1E7A4F7556}") = "ChatClient", "ChatClient\ChatClient.csproj", "{64187B54-4B89-48C8-9248-1597E9BA8CC3}"
EndProject
Project("{FAE04EC0-301F-11D3-BF4B-00C04F79EFBC}") = "ChatPlatformUnitTest", "ChatPlatformUnitTest\ChatPlatformUnitTest.csproj", "{B528A7CD-1EF7-45B2-AED7-60CA7370DC24}"
EndProject
Global
	GlobalSection(SolutionConfigurationPlatforms) = preSolution
		Debug|Any CPU = Debug|Any CPU
		Release|Any CPU = Release|Any CPU
	EndGlobalSection
	GlobalSection(ProjectConfigurationPlatforms) = postSolution
		{76163A4E-46EF-42DC-8D7A-6F64532984E1}.Debug|Any CPU.ActiveCfg = Debug|Any CPU
		{76163A4E-46EF-42DC-8D7A-6F64532984E1}.Debug|Any CPU.Build.0 = Debug|Any CPU
		{76163A4E-46EF-42DC-8D7A-6F64532984E1}.Release|Any CPU.ActiveCfg = Release|Any CPU
		{76163A4E-46EF-42DC-8D7A-6F64532984E1}.Release|Any CPU.Build.0 = Release|Any CPU
		{64187B54-4B89-48C8-9248-1597E9BA8CC3}.Debug|Any CPU.ActiveCfg = Debug|Any CPU
		{64187B54-4B89-48C8-9248-1597E9BA8CC3}.Debug|Any CPU.Build.0 = Debug|Any CPU
		{64187B54-4B89-48C8-9248-1597E9BA8CC3}.Release|Any CPU.ActiveCfg = Release|Any CPU
		{64187B54-4B89-48C8-9248-1597E9BA8CC3}.Release|Any CPU.Build.0 = Release|Any CPU
		{B528A7CD-1EF7-45B2-AED7-60CA7370DC24}.Debug|Any CPU.ActiveCfg = Debug|Any CPU
		{B528A7CD-1EF7-45B2-AED7-60CA7370DC24}.Debug|Any CPU.Build.0 = Debug|Any CPU
		{B528A7CD-1EF7-45B2-AED7-60CA7370DC24}.Release|Any CPU.ActiveCfg = Release|Any CPU
		{B528A7CD-1EF7-45B2-AED7-60CA7370DC24}.Release|Any CPU.Build.0 = Release|Any CPU
	EndGlobalSection
	GlobalSection(SolutionProperties) = preSolution
		HideSolutionNode = FALSE
	EndGlobalSection
	GlobalSection(ExtensibilityGlobals) = postSolution
		SolutionGuid = {051502DC-2CE9-4EA3-BD9B-A9CF0AECC8E5}
	EndGlobalSection
EndGlobal
